
Microsoft Visual Studio Solution File, Format Version 12.00
# Visual Studio Version 17
VisualStudioVersion = 17.3.32922.545
MinimumVisualStudioVersion = 10.0.40219.1
Project("{9A19103F-16F7-4668-BE54-9A1E7A4F7556}") = "LFTC-Lab", "LFTC-Lab\LFTC-Lab.csproj", "{4BB3755E-3D6B-4BBB-AB97-D24F10AA7A2D}"
EndProject
Project("{9A19103F-16F7-4668-BE54-9A1E7A4F7556}") = "LFTC-Automat", "LFTC-Automat\LFTC-Automat.csproj", "{106AC38E-B327-4CAA-A5E8-7F81B3E63C65}"
EndProject
Project("{FAE04EC0-301F-11D3-BF4B-00C04F79EFBC}") = "LFTC-lab5-activitate", "LFTC-lab5-activitate\LFTC-lab5-activitate.csproj", "{94D85D9B-3A65-41AA-84B2-835BDC6AA762}"
EndProject
Global
	GlobalSection(SolutionConfigurationPlatforms) = preSolution
		Debug|Any CPU = Debug|Any CPU
		Release|Any CPU = Release|Any CPU
	EndGlobalSection
	GlobalSection(ProjectConfigurationPlatforms) = postSolution
		{4BB3755E-3D6B-4BBB-AB97-D24F10AA7A2D}.Debug|Any CPU.ActiveCfg = Debug|Any CPU
		{4BB3755E-3D6B-4BBB-AB97-D24F10AA7A2D}.Debug|Any CPU.Build.0 = Debug|Any CPU
		{4BB3755E-3D6B-4BBB-AB97-D24F10AA7A2D}.Release|Any CPU.ActiveCfg = Release|Any CPU
		{4BB3755E-3D6B-4BBB-AB97-D24F10AA7A2D}.Release|Any CPU.Build.0 = Release|Any CPU
		{106AC38E-B327-4CAA-A5E8-7F81B3E63C65}.Debug|Any CPU.ActiveCfg = Debug|Any CPU
		{106AC38E-B327-4CAA-A5E8-7F81B3E63C65}.Debug|Any CPU.Build.0 = Debug|Any CPU
		{106AC38E-B327-4CAA-A5E8-7F81B3E63C65}.Release|Any CPU.ActiveCfg = Release|Any CPU
		{106AC38E-B327-4CAA-A5E8-7F81B3E63C65}.Release|Any CPU.Build.0 = Release|Any CPU
		{94D85D9B-3A65-41AA-84B2-835BDC6AA762}.Debug|Any CPU.ActiveCfg = Debug|Any CPU
		{94D85D9B-3A65-41AA-84B2-835BDC6AA762}.Debug|Any CPU.Build.0 = Debug|Any CPU
		{94D85D9B-3A65-41AA-84B2-835BDC6AA762}.Release|Any CPU.ActiveCfg = Release|Any CPU
		{94D85D9B-3A65-41AA-84B2-835BDC6AA762}.Release|Any CPU.Build.0 = Release|Any CPU
	EndGlobalSection
	GlobalSection(SolutionProperties) = preSolution
		HideSolutionNode = FALSE
	EndGlobalSection
	GlobalSection(ExtensibilityGlobals) = postSolution
		SolutionGuid = {7676DDF0-7F60-4523-88C3-1117956F5799}
	EndGlobalSection
EndGlobal
